
Microsoft Visual Studio Solution File, Format Version 12.00
# Visual Studio 14
VisualStudioVersion = 14.0.24720.0
MinimumVisualStudioVersion = 10.0.40219.1
Project("{FAE04EC0-301F-11D3-BF4B-00C04F79EFBC}") = "LocalFileSave.Droid", "LocalFileSave\LocalFileSave.Droid\LocalFileSave.Droid.csproj", "{E1A2A2E7-0192-4303-9359-C1A9ED5D7B26}"
EndProject
Project("{FAE04EC0-301F-11D3-BF4B-00C04F79EFBC}") = "LocalFileSave.iOS", "LocalFileSave\LocalFileSave.iOS\LocalFileSave.iOS.csproj", "{E3F8F844-B362-4B1E-9764-3975F0C78BF5}"
EndProject
Project("{FAE04EC0-301F-11D3-BF4B-00C04F79EFBC}") = "LocalFileSave.WinPhone", "LocalFileSave\LocalFileSave.WinPhone\LocalFileSave.WinPhone.csproj", "{36DFB179-6246-41F3-AB8A-D9393E6CDD63}"
EndProject
Project("{FAE04EC0-301F-11D3-BF4B-00C04F79EFBC}") = "LocalFileSave.UWP", "LocalFileSave\LocalFileSave.UWP\LocalFileSave.UWP.csproj", "{DF85EB3D-DC04-4AD7-AA7D-883A6B0202CE}"
EndProject
Project("{FAE04EC0-301F-11D3-BF4B-00C04F79EFBC}") = "LocalFileSave.Windows", "LocalFileSave\LocalFileSave.Windows\LocalFileSave.Windows.csproj", "{2012511D-0888-4C65-B1F5-D42C8E2AA5E0}"
EndProject
Project("{FAE04EC0-301F-11D3-BF4B-00C04F79EFBC}") = "LocalFileSave", "LocalFileSave\LocalFileSave\LocalFileSave.csproj", "{E556A0BF-BA50-4290-899C-17146C12B58D}"
EndProject
Global
	GlobalSection(SolutionConfigurationPlatforms) = preSolution
		Ad-Hoc|Any CPU = Ad-Hoc|Any CPU
		Ad-Hoc|ARM = Ad-Hoc|ARM
		Ad-Hoc|iPhone = Ad-Hoc|iPhone
		Ad-Hoc|iPhoneSimulator = Ad-Hoc|iPhoneSimulator
		Ad-Hoc|x64 = Ad-Hoc|x64
		Ad-Hoc|x86 = Ad-Hoc|x86
		AppStore|Any CPU = AppStore|Any CPU
		AppStore|ARM = AppStore|ARM
		AppStore|iPhone = AppStore|iPhone
		AppStore|iPhoneSimulator = AppStore|iPhoneSimulator
		AppStore|x64 = AppStore|x64
		AppStore|x86 = AppStore|x86
		Debug|Any CPU = Debug|Any CPU
		Debug|ARM = Debug|ARM
		Debug|iPhone = Debug|iPhone
		Debug|iPhoneSimulator = Debug|iPhoneSimulator
		Debug|x64 = Debug|x64
		Debug|x86 = Debug|x86
		Release|Any CPU = Release|Any CPU
		Release|ARM = Release|ARM
		Release|iPhone = Release|iPhone
		Release|iPhoneSimulator = Release|iPhoneSimulator
		Release|x64 = Release|x64
		Release|x86 = Release|x86
	EndGlobalSection
	GlobalSection(ProjectConfigurationPlatforms) = postSolution
		{E1A2A2E7-0192-4303-9359-C1A9ED5D7B26}.Ad-Hoc|Any CPU.ActiveCfg = Release|Any CPU
		{E1A2A2E7-0192-4303-9359-C1A9ED5D7B26}.Ad-Hoc|Any CPU.Build.0 = Release|Any CPU
		{E1A2A2E7-0192-4303-9359-C1A9ED5D7B26}.Ad-Hoc|Any CPU.Deploy.0 = Release|Any CPU
		{E1A2A2E7-0192-4303-9359-C1A9ED5D7B26}.Ad-Hoc|ARM.ActiveCfg = Release|Any CPU
		{E1A2A2E7-0192-4303-9359-C1A9ED5D7B26}.Ad-Hoc|ARM.Build.0 = Release|Any CPU
		{E1A2A2E7-0192-4303-9359-C1A9ED5D7B26}.Ad-Hoc|ARM.Deploy.0 = Release|Any CPU
		{E1A2A2E7-0192-4303-9359-C1A9ED5D7B26}.Ad-Hoc|iPhone.ActiveCfg = Release|Any CPU
		{E1A2A2E7-0192-4303-9359-C1A9ED5D7B26}.Ad-Hoc|iPhone.Build.0 = Release|Any CPU
		{E1A2A2E7-0192-4303-9359-C1A9ED5D7B26}.Ad-Hoc|iPhone.Deploy.0 = Release|Any CPU
		{E1A2A2E7-0192-4303-9359-C1A9ED5D7B26}.Ad-Hoc|iPhoneSimulator.ActiveCfg = Release|Any CPU
		{E1A2A2E7-0192-4303-9359-C1A9ED5D7B26}.Ad-Hoc|iPhoneSimulator.Build.0 = Release|Any CPU
		{E1A2A2E7-0192-4303-9359-C1A9ED5D7B26}.Ad-Hoc|iPhoneSimulator.Deploy.0 = Release|Any CPU
		{E1A2A2E7-0192-4303-9359-C1A9ED5D7B26}.Ad-Hoc|x64.ActiveCfg = Release|Any CPU
		{E1A2A2E7-0192-4303-9359-C1A9ED5D7B26}.Ad-Hoc|x64.Build.0 = Release|Any CPU
		{E1A2A2E7-0192-4303-9359-C1A9ED5D7B26}.Ad-Hoc|x64.Deploy.0 = Release|Any CPU
		{E1A2A2E7-0192-4303-9359-C1A9ED5D7B26}.Ad-Hoc|x86.ActiveCfg = Release|Any CPU
		{E1A2A2E7-0192-4303-9359-C1A9ED5D7B26}.Ad-Hoc|x86.Build.0 = Release|Any CPU
		{E1A2A2E7-0192-4303-9359-C1A9ED5D7B26}.Ad-Hoc|x86.Deploy.0 = Release|Any CPU
		{E1A2A2E7-0192-4303-9359-C1A9ED5D7B26}.AppStore|Any CPU.ActiveCfg = Release|Any CPU
		{E1A2A2E7-0192-4303-9359-C1A9ED5D7B26}.AppStore|Any CPU.Build.0 = Release|Any CPU
		{E1A2A2E7-0192-4303-9359-C1A9ED5D7B26}.AppStore|Any CPU.Deploy.0 = Release|Any CPU
		{E1A2A2E7-0192-4303-9359-C1A9ED5D7B26}.AppStore|ARM.ActiveCfg = Release|Any CPU
		{E1A2A2E7-0192-4303-9359-C1A9ED5D7B26}.AppStore|ARM.Build.0 = Release|Any CPU
		{E1A2A2E7-0192-4303-9359-C1A9ED5D7B26}.AppStore|ARM.Deploy.0 = Release|Any CPU
		{E1A2A2E7-0192-4303-9359-C1A9ED5D7B26}.AppStore|iPhone.ActiveCfg = Release|Any CPU
		{E1A2A2E7-0192-4303-9359-C1A9ED5D7B26}.AppStore|iPhone.Build.0 = Release|Any CPU
		{E1A2A2E7-0192-4303-9359-C1A9ED5D7B26}.AppStore|iPhone.Deploy.0 = Release|Any CPU
		{E1A2A2E7-0192-4303-9359-C1A9ED5D7B26}.AppStore|iPhoneSimulator.ActiveCfg = Release|Any CPU
		{E1A2A2E7-0192-4303-9359-C1A9ED5D7B26}.AppStore|iPhoneSimulator.Build.0 = Release|Any CPU
		{E1A2A2E7-0192-4303-9359-C1A9ED5D7B26}.AppStore|iPhoneSimulator.Deploy.0 = Release|Any CPU
		{E1A2A2E7-0192-4303-9359-C1A9ED5D7B26}.AppStore|x64.ActiveCfg = Release|Any CPU
		{E1A2A2E7-0192-4303-9359-C1A9ED5D7B26}.AppStore|x64.Build.0 = Release|Any CPU
		{E1A2A2E7-0192-4303-9359-C1A9ED5D7B26}.AppStore|x64.Deploy.0 = Release|Any CPU
		{E1A2A2E7-0192-4303-9359-C1A9ED5D7B26}.AppStore|x86.ActiveCfg = Release|Any CPU
		{E1A2A2E7-0192-4303-9359-C1A9ED5D7B26}.AppStore|x86.Build.0 = Release|Any CPU
		{E1A2A2E7-0192-4303-9359-C1A9ED5D7B26}.AppStore|x86.Deploy.0 = Release|Any CPU
		{E1A2A2E7-0192-4303-9359-C1A9ED5D7B26}.Debug|Any CPU.ActiveCfg = Debug|Any CPU
		{E1A2A2E7-0192-4303-9359-C1A9ED5D7B26}.Debug|Any CPU.Build.0 = Debug|Any CPU
		{E1A2A2E7-0192-4303-9359-C1A9ED5D7B26}.Debug|Any CPU.Deploy.0 = Debug|Any CPU
		{E1A2A2E7-0192-4303-9359-C1A9ED5D7B26}.Debug|ARM.ActiveCfg = Debug|Any CPU
		{E1A2A2E7-0192-4303-9359-C1A9ED5D7B26}.Debug|ARM.Build.0 = Debug|Any CPU
		{E1A2A2E7-0192-4303-9359-C1A9ED5D7B26}.Debug|ARM.Deploy.0 = Debug|Any CPU
		{E1A2A2E7-0192-4303-9359-C1A9ED5D7B26}.Debug|iPhone.ActiveCfg = Debug|Any CPU
		{E1A2A2E7-0192-4303-9359-C1A9ED5D7B26}.Debug|iPhone.Build.0 = Debug|Any CPU
		{E1A2A2E7-0192-4303-9359-C1A9ED5D7B26}.Debug|iPhone.Deploy.0 = Debug|Any CPU
		{E1A2A2E7-0192-4303-9359-C1A9ED5D7B26}.Debug|iPhoneSimulator.ActiveCfg = Debug|Any CPU
		{E1A2A2E7-0192-4303-9359-C1A9ED5D7B26}.Debug|iPhoneSimulator.Build.0 = Debug|Any CPU
		{E1A2A2E7-0192-4303-9359-C1A9ED5D7B26}.Debug|iPhoneSimulator.Deploy.0 = Debug|Any CPU
		{E1A2A2E7-0192-4303-9359-C1A9ED5D7B26}.Debug|x64.ActiveCfg = Debug|Any CPU
		{E1A2A2E7-0192-4303-9359-C1A9ED5D7B26}.Debug|x64.Build.0 = Debug|Any CPU
		{E1A2A2E7-0192-4303-9359-C1A9ED5D7B26}.Debug|x64.Deploy.0 = Debug|Any CPU
		{E1A2A2E7-0192-4303-9359-C1A9ED5D7B26}.Debug|x86.ActiveCfg = Debug|Any CPU
		{E1A2A2E7-0192-4303-9359-C1A9ED5D7B26}.Debug|x86.Build.0 = Debug|Any CPU
		{E1A2A2E7-0192-4303-9359-C1A9ED5D7B26}.Debug|x86.Deploy.0 = Debug|Any CPU
		{E1A2A2E7-0192-4303-9359-C1A9ED5D7B26}.Release|Any CPU.ActiveCfg = Release|Any CPU
		{E1A2A2E7-0192-4303-9359-C1A9ED5D7B26}.Release|Any CPU.Build.0 = Release|Any CPU
		{E1A2A2E7-0192-4303-9359-C1A9ED5D7B26}.Release|Any CPU.Deploy.0 = Release|Any CPU
		{E1A2A2E7-0192-4303-9359-C1A9ED5D7B26}.Release|ARM.ActiveCfg = Release|Any CPU
		{E1A2A2E7-0192-4303-9359-C1A9ED5D7B26}.Release|ARM.Build.0 = Release|Any CPU
		{E1A2A2E7-0192-4303-9359-C1A9ED5D7B26}.Release|ARM.Deploy.0 = Release|Any CPU
		{E1A2A2E7-0192-4303-9359-C1A9ED5D7B26}.Release|iPhone.ActiveCfg = Release|Any CPU
		{E1A2A2E7-0192-4303-9359-C1A9ED5D7B26}.Release|iPhone.Build.0 = Release|Any CPU
		{E1A2A2E7-0192-4303-9359-C1A9ED5D7B26}.Release|iPhone.Deploy.0 = Release|Any CPU
		{E1A2A2E7-0192-4303-9359-C1A9ED5D7B26}.Release|iPhoneSimulator.ActiveCfg = Release|Any CPU
		{E1A2A2E7-0192-4303-9359-C1A9ED5D7B26}.Release|iPhoneSimulator.Build.0 = Release|Any CPU
		{E1A2A2E7-0192-4303-9359-C1A9ED5D7B26}.Release|iPhoneSimulator.Deploy.0 = Release|Any CPU
		{E1A2A2E7-0192-4303-9359-C1A9ED5D7B26}.Release|x64.ActiveCfg = Release|Any CPU
		{E1A2A2E7-0192-4303-9359-C1A9ED5D7B26}.Release|x64.Build.0 = Release|Any CPU
		{E1A2A2E7-0192-4303-9359-C1A9ED5D7B26}.Release|x64.Deploy.0 = Release|Any CPU
		{E1A2A2E7-0192-4303-9359-C1A9ED5D7B26}.Release|x86.ActiveCfg = Release|Any CPU
		{E1A2A2E7-0192-4303-9359-C1A9ED5D7B26}.Release|x86.Build.0 = Release|Any CPU
		{E1A2A2E7-0192-4303-9359-C1A9ED5D7B26}.Release|x86.Deploy.0 = Release|Any CPU
		{E3F8F844-B362-4B1E-9764-3975F0C78BF5}.Ad-Hoc|Any CPU.ActiveCfg = Ad-Hoc|iPhone
		{E3F8F844-B362-4B1E-9764-3975F0C78BF5}.Ad-Hoc|ARM.ActiveCfg = Ad-Hoc|iPhone
		{E3F8F844-B362-4B1E-9764-3975F0C78BF5}.Ad-Hoc|iPhone.ActiveCfg = Ad-Hoc|iPhone
		{E3F8F844-B362-4B1E-9764-3975F0C78BF5}.Ad-Hoc|iPhone.Build.0 = Ad-Hoc|iPhone
		{E3F8F844-B362-4B1E-9764-3975F0C78BF5}.Ad-Hoc|iPhoneSimulator.ActiveCfg = Ad-Hoc|iPhoneSimulator
		{E3F8F844-B362-4B1E-9764-3975F0C78BF5}.Ad-Hoc|iPhoneSimulator.Build.0 = Ad-Hoc|iPhoneSimulator
		{E3F8F844-B362-4B1E-9764-3975F0C78BF5}.Ad-Hoc|x64.ActiveCfg = Ad-Hoc|iPhone
		{E3F8F844-B362-4B1E-9764-3975F0C78BF5}.Ad-Hoc|x86.ActiveCfg = Ad-Hoc|iPhone
		{E3F8F844-B362-4B1E-9764-3975F0C78BF5}.AppStore|Any CPU.ActiveCfg = AppStore|iPhone
		{E3F8F844-B362-4B1E-9764-3975F0C78BF5}.AppStore|ARM.ActiveCfg = AppStore|iPhone
		{E3F8F844-B362-4B1E-9764-3975F0C78BF5}.AppStore|iPhone.ActiveCfg = AppStore|iPhone
		{E3F8F844-B362-4B1E-9764-3975F0C78BF5}.AppStore|iPhone.Build.0 = AppStore|iPhone
		{E3F8F844-B362-4B1E-9764-3975F0C78BF5}.AppStore|iPhoneSimulator.ActiveCfg = AppStore|iPhoneSimulator
		{E3F8F844-B362-4B1E-9764-3975F0C78BF5}.AppStore|iPhoneSimulator.Build.0 = AppStore|iPhoneSimulator
		{E3F8F844-B362-4B1E-9764-3975F0C78BF5}.AppStore|x64.ActiveCfg = AppStore|iPhone
		{E3F8F844-B362-4B1E-9764-3975F0C78BF5}.AppStore|x86.ActiveCfg = AppStore|iPhone
		{E3F8F844-B362-4B1E-9764-3975F0C78BF5}.Debug|Any CPU.ActiveCfg = Debug|iPhone
		{E3F8F844-B362-4B1E-9764-3975F0C78BF5}.Debug|ARM.ActiveCfg = Debug|iPhone
		{E3F8F844-B362-4B1E-9764-3975F0C78BF5}.Debug|iPhone.ActiveCfg = Debug|iPhone
		{E3F8F844-B362-4B1E-9764-3975F0C78BF5}.Debug|iPhone.Build.0 = Debug|iPhone
		{E3F8F844-B362-4B1E-9764-3975F0C78BF5}.Debug|iPhoneSimulator.ActiveCfg = Debug|iPhoneSimulator
		{E3F8F844-B362-4B1E-9764-3975F0C78BF5}.Debug|iPhoneSimulator.Build.0 = Debug|iPhoneSimulator
		{E3F8F844-B362-4B1E-9764-3975F0C78BF5}.Debug|x64.ActiveCfg = Debug|iPhone
		{E3F8F844-B362-4B1E-9764-3975F0C78BF5}.Debug|x86.ActiveCfg = Debug|iPhone
		{E3F8F844-B362-4B1E-9764-3975F0C78BF5}.Release|Any CPU.ActiveCfg = Release|iPhone
		{E3F8F844-B362-4B1E-9764-3975F0C78BF5}.Release|ARM.ActiveCfg = Release|iPhone
		{E3F8F844-B362-4B1E-9764-3975F0C78BF5}.Release|iPhone.ActiveCfg = Release|iPhone
		{E3F8F844-B362-4B1E-9764-3975F0C78BF5}.Release|iPhone.Build.0 = Release|iPhone
		{E3F8F844-B362-4B1E-9764-3975F0C78BF5}.Release|iPhoneSimulator.ActiveCfg = Release|iPhoneSimulator
		{E3F8F844-B362-4B1E-9764-3975F0C78BF5}.Release|iPhoneSimulator.Build.0 = Release|iPhoneSimulator
		{E3F8F844-B362-4B1E-9764-3975F0C78BF5}.Release|x64.ActiveCfg = Release|iPhone
		{E3F8F844-B362-4B1E-9764-3975F0C78BF5}.Release|x86.ActiveCfg = Release|iPhone
		{36DFB179-6246-41F3-AB8A-D9393E6CDD63}.Ad-Hoc|Any CPU.ActiveCfg = Release|Any CPU
		{36DFB179-6246-41F3-AB8A-D9393E6CDD63}.Ad-Hoc|Any CPU.Build.0 = Release|Any CPU
		{36DFB179-6246-41F3-AB8A-D9393E6CDD63}.Ad-Hoc|Any CPU.Deploy.0 = Release|Any CPU
		{36DFB179-6246-41F3-AB8A-D9393E6CDD63}.Ad-Hoc|ARM.ActiveCfg = Release|ARM
		{36DFB179-6246-41F3-AB8A-D9393E6CDD63}.Ad-Hoc|ARM.Build.0 = Release|ARM
		{36DFB179-6246-41F3-AB8A-D9393E6CDD63}.Ad-Hoc|ARM.Deploy.0 = Release|ARM
		{36DFB179-6246-41F3-AB8A-D9393E6CDD63}.Ad-Hoc|iPhone.ActiveCfg = Release|Any CPU
		{36DFB179-6246-41F3-AB8A-D9393E6CDD63}.Ad-Hoc|iPhone.Build.0 = Release|Any CPU
		{36DFB179-6246-41F3-AB8A-D9393E6CDD63}.Ad-Hoc|iPhone.Deploy.0 = Release|Any CPU
		{36DFB179-6246-41F3-AB8A-D9393E6CDD63}.Ad-Hoc|iPhoneSimulator.ActiveCfg = Release|Any CPU
		{36DFB179-6246-41F3-AB8A-D9393E6CDD63}.Ad-Hoc|iPhoneSimulator.Build.0 = Release|Any CPU
		{36DFB179-6246-41F3-AB8A-D9393E6CDD63}.Ad-Hoc|iPhoneSimulator.Deploy.0 = Release|Any CPU
		{36DFB179-6246-41F3-AB8A-D9393E6CDD63}.Ad-Hoc|x64.ActiveCfg = Release|Any CPU
		{36DFB179-6246-41F3-AB8A-D9393E6CDD63}.Ad-Hoc|x64.Build.0 = Release|Any CPU
		{36DFB179-6246-41F3-AB8A-D9393E6CDD63}.Ad-Hoc|x64.Deploy.0 = Release|Any CPU
		{36DFB179-6246-41F3-AB8A-D9393E6CDD63}.Ad-Hoc|x86.ActiveCfg = Release|x86
		{36DFB179-6246-41F3-AB8A-D9393E6CDD63}.Ad-Hoc|x86.Build.0 = Release|x86
		{36DFB179-6246-41F3-AB8A-D9393E6CDD63}.Ad-Hoc|x86.Deploy.0 = Release|x86
		{36DFB179-6246-41F3-AB8A-D9393E6CDD63}.AppStore|Any CPU.ActiveCfg = Release|Any CPU
		{36DFB179-6246-41F3-AB8A-D9393E6CDD63}.AppStore|Any CPU.Build.0 = Release|Any CPU
		{36DFB179-6246-41F3-AB8A-D9393E6CDD63}.AppStore|Any CPU.Deploy.0 = Release|Any CPU
		{36DFB179-6246-41F3-AB8A-D9393E6CDD63}.AppStore|ARM.ActiveCfg = Release|ARM
		{36DFB179-6246-41F3-AB8A-D9393E6CDD63}.AppStore|ARM.Build.0 = Release|ARM
		{36DFB179-6246-41F3-AB8A-D9393E6CDD63}.AppStore|ARM.Deploy.0 = Release|ARM
		{36DFB179-6246-41F3-AB8A-D9393E6CDD63}.AppStore|iPhone.ActiveCfg = Release|Any CPU
		{36DFB179-6246-41F3-AB8A-D9393E6CDD63}.AppStore|iPhone.Build.0 = Release|Any CPU
		{36DFB179-6246-41F3-AB8A-D9393E6CDD63}.AppStore|iPhone.Deploy.0 = Release|Any CPU
		{36DFB179-6246-41F3-AB8A-D9393E6CDD63}.AppStore|iPhoneSimulator.ActiveCfg = Release|Any CPU
		{36DFB179-6246-41F3-AB8A-D9393E6CDD63}.AppStore|iPhoneSimulator.Build.0 = Release|Any CPU
		{36DFB179-6246-41F3-AB8A-D9393E6CDD63}.AppStore|iPhoneSimulator.Deploy.0 = Release|Any CPU
		{36DFB179-6246-41F3-AB8A-D9393E6CDD63}.AppStore|x64.ActiveCfg = Release|Any CPU
		{36DFB179-6246-41F3-AB8A-D9393E6CDD63}.AppStore|x64.Build.0 = Release|Any CPU
		{36DFB179-6246-41F3-AB8A-D9393E6CDD63}.AppStore|x64.Deploy.0 = Release|Any CPU
		{36DFB179-6246-41F3-AB8A-D9393E6CDD63}.AppStore|x86.ActiveCfg = Release|x86
		{36DFB179-6246-41F3-AB8A-D9393E6CDD63}.AppStore|x86.Build.0 = Release|x86
		{36DFB179-6246-41F3-AB8A-D9393E6CDD63}.AppStore|x86.Deploy.0 = Release|x86
		{36DFB179-6246-41F3-AB8A-D9393E6CDD63}.Debug|Any CPU.ActiveCfg = Debug|Any CPU
		{36DFB179-6246-41F3-AB8A-D9393E6CDD63}.Debug|Any CPU.Build.0 = Debug|Any CPU
		{36DFB179-6246-41F3-AB8A-D9393E6CDD63}.Debug|Any CPU.Deploy.0 = Debug|Any CPU
		{36DFB179-6246-41F3-AB8A-D9393E6CDD63}.Debug|ARM.ActiveCfg = Debug|ARM
		{36DFB179-6246-41F3-AB8A-D9393E6CDD63}.Debug|ARM.Build.0 = Debug|ARM
		{36DFB179-6246-41F3-AB8A-D9393E6CDD63}.Debug|ARM.Deploy.0 = Debug|ARM
		{36DFB179-6246-41F3-AB8A-D9393E6CDD63}.Debug|iPhone.ActiveCfg = Debug|Any CPU
		{36DFB179-6246-41F3-AB8A-D9393E6CDD63}.Debug|iPhone.Build.0 = Debug|Any CPU
		{36DFB179-6246-41F3-AB8A-D9393E6CDD63}.Debug|iPhone.Deploy.0 = Debug|Any CPU
		{36DFB179-6246-41F3-AB8A-D9393E6CDD63}.Debug|iPhoneSimulator.ActiveCfg = Debug|Any CPU
		{36DFB179-6246-41F3-AB8A-D9393E6CDD63}.Debug|iPhoneSimulator.Build.0 = Debug|Any CPU
		{36DFB179-6246-41F3-AB8A-D9393E6CDD63}.Debug|iPhoneSimulator.Deploy.0 = Debug|Any CPU
		{36DFB179-6246-41F3-AB8A-D9393E6CDD63}.Debug|x64.ActiveCfg = Debug|Any CPU
		{36DFB179-6246-41F3-AB8A-D9393E6CDD63}.Debug|x64.Build.0 = Debug|Any CPU
		{36DFB179-6246-41F3-AB8A-D9393E6CDD63}.Debug|x64.Deploy.0 = Debug|Any CPU
		{36DFB179-6246-41F3-AB8A-D9393E6CDD63}.Debug|x86.ActiveCfg = Debug|x86
		{36DFB179-6246-41F3-AB8A-D9393E6CDD63}.Debug|x86.Build.0 = Debug|x86
		{36DFB179-6246-41F3-AB8A-D9393E6CDD63}.Debug|x86.Deploy.0 = Debug|x86
		{36DFB179-6246-41F3-AB8A-D9393E6CDD63}.Release|Any CPU.ActiveCfg = Release|Any CPU
		{36DFB179-6246-41F3-AB8A-D9393E6CDD63}.Release|Any CPU.Build.0 = Release|Any CPU
		{36DFB179-6246-41F3-AB8A-D9393E6CDD63}.Release|Any CPU.Deploy.0 = Release|Any CPU
		{36DFB179-6246-41F3-AB8A-D9393E6CDD63}.Release|ARM.ActiveCfg = Release|ARM
		{36DFB179-6246-41F3-AB8A-D9393E6CDD63}.Release|ARM.Build.0 = Release|ARM
		{36DFB179-6246-41F3-AB8A-D9393E6CDD63}.Release|ARM.Deploy.0 = Release|ARM
		{36DFB179-6246-41F3-AB8A-D9393E6CDD63}.Release|iPhone.ActiveCfg = Release|Any CPU
		{36DFB179-6246-41F3-AB8A-D9393E6CDD63}.Release|iPhone.Build.0 = Release|Any CPU
		{36DFB179-6246-41F3-AB8A-D9393E6CDD63}.Release|iPhone.Deploy.0 = Release|Any CPU
		{36DFB179-6246-41F3-AB8A-D9393E6CDD63}.Release|iPhoneSimulator.ActiveCfg = Release|Any CPU
		{36DFB179-6246-41F3-AB8A-D9393E6CDD63}.Release|iPhoneSimulator.Build.0 = Release|Any CPU
		{36DFB179-6246-41F3-AB8A-D9393E6CDD63}.Release|iPhoneSimulator.Deploy.0 = Release|Any CPU
		{36DFB179-6246-41F3-AB8A-D9393E6CDD63}.Release|x64.ActiveCfg = Release|Any CPU
		{36DFB179-6246-41F3-AB8A-D9393E6CDD63}.Release|x64.Build.0 = Release|Any CPU
		{36DFB179-6246-41F3-AB8A-D9393E6CDD63}.Release|x64.Deploy.0 = Release|Any CPU
		{36DFB179-6246-41F3-AB8A-D9393E6CDD63}.Release|x86.ActiveCfg = Release|x86
		{36DFB179-6246-41F3-AB8A-D9393E6CDD63}.Release|x86.Build.0 = Release|x86
		{36DFB179-6246-41F3-AB8A-D9393E6CDD63}.Release|x86.Deploy.0 = Release|x86
		{DF85EB3D-DC04-4AD7-AA7D-883A6B0202CE}.Ad-Hoc|Any CPU.ActiveCfg = Release|x86
		{DF85EB3D-DC04-4AD7-AA7D-883A6B0202CE}.Ad-Hoc|Any CPU.Build.0 = Release|x86
		{DF85EB3D-DC04-4AD7-AA7D-883A6B0202CE}.Ad-Hoc|Any CPU.Deploy.0 = Release|x86
		{DF85EB3D-DC04-4AD7-AA7D-883A6B0202CE}.Ad-Hoc|ARM.ActiveCfg = Release|ARM
		{DF85EB3D-DC04-4AD7-AA7D-883A6B0202CE}.Ad-Hoc|ARM.Build.0 = Release|ARM
		{DF85EB3D-DC04-4AD7-AA7D-883A6B0202CE}.Ad-Hoc|ARM.Deploy.0 = Release|ARM
		{DF85EB3D-DC04-4AD7-AA7D-883A6B0202CE}.Ad-Hoc|iPhone.ActiveCfg = Release|x86
		{DF85EB3D-DC04-4AD7-AA7D-883A6B0202CE}.Ad-Hoc|iPhone.Build.0 = Release|x86
		{DF85EB3D-DC04-4AD7-AA7D-883A6B0202CE}.Ad-Hoc|iPhone.Deploy.0 = Release|x86
		{DF85EB3D-DC04-4AD7-AA7D-883A6B0202CE}.Ad-Hoc|iPhoneSimulator.ActiveCfg = Release|x86
		{DF85EB3D-DC04-4AD7-AA7D-883A6B0202CE}.Ad-Hoc|iPhoneSimulator.Build.0 = Release|x86
		{DF85EB3D-DC04-4AD7-AA7D-883A6B0202CE}.Ad-Hoc|iPhoneSimulator.Deploy.0 = Release|x86
		{DF85EB3D-DC04-4AD7-AA7D-883A6B0202CE}.Ad-Hoc|x64.ActiveCfg = Release|x64
		{DF85EB3D-DC04-4AD7-AA7D-883A6B0202CE}.Ad-Hoc|x64.Build.0 = Release|x64
		{DF85EB3D-DC04-4AD7-AA7D-883A6B0202CE}.Ad-Hoc|x64.Deploy.0 = Release|x64
		{DF85EB3D-DC04-4AD7-AA7D-883A6B0202CE}.Ad-Hoc|x86.ActiveCfg = Release|x86
		{DF85EB3D-DC04-4AD7-AA7D-883A6B0202CE}.Ad-Hoc|x86.Build.0 = Release|x86
		{DF85EB3D-DC04-4AD7-AA7D-883A6B0202CE}.Ad-Hoc|x86.Deploy.0 = Release|x86
		{DF85EB3D-DC04-4AD7-AA7D-883A6B0202CE}.AppStore|Any CPU.ActiveCfg = Release|x86
		{DF85EB3D-DC04-4AD7-AA7D-883A6B0202CE}.AppStore|Any CPU.Build.0 = Release|x86
		{DF85EB3D-DC04-4AD7-AA7D-883A6B0202CE}.AppStore|Any CPU.Deploy.0 = Release|x86
		{DF85EB3D-DC04-4AD7-AA7D-883A6B0202CE}.AppStore|ARM.ActiveCfg = Release|ARM
		{DF85EB3D-DC04-4AD7-AA7D-883A6B0202CE}.AppStore|ARM.Build.0 = Release|ARM
		{DF85EB3D-DC04-4AD7-AA7D-883A6B0202CE}.AppStore|ARM.Deploy.0 = Release|ARM
		{DF85EB3D-DC04-4AD7-AA7D-883A6B0202CE}.AppStore|iPhone.ActiveCfg = Release|x86
		{DF85EB3D-DC04-4AD7-AA7D-883A6B0202CE}.AppStore|iPhone.Build.0 = Release|x86
		{DF85EB3D-DC04-4AD7-AA7D-883A6B0202CE}.AppStore|iPhone.Deploy.0 = Release|x86
		{DF85EB3D-DC04-4AD7-AA7D-883A6B0202CE}.AppStore|iPhoneSimulator.ActiveCfg = Release|x86
		{DF85EB3D-DC04-4AD7-AA7D-883A6B0202CE}.AppStore|iPhoneSimulator.Build.0 = Release|x86
		{DF85EB3D-DC04-4AD7-AA7D-883A6B0202CE}.AppStore|iPhoneSimulator.Deploy.0 = Release|x86
		{DF85EB3D-DC04-4AD7-AA7D-883A6B0202CE}.AppStore|x64.ActiveCfg = Release|x64
		{DF85EB3D-DC04-4AD7-AA7D-883A6B0202CE}.AppStore|x64.Build.0 = Release|x64
		{DF85EB3D-DC04-4AD7-AA7D-883A6B0202CE}.AppStore|x64.Deploy.0 = Release|x64
		{DF85EB3D-DC04-4AD7-AA7D-883A6B0202CE}.AppStore|x86.ActiveCfg = Release|x86
		{DF85EB3D-DC04-4AD7-AA7D-883A6B0202CE}.AppStore|x86.Build.0 = Release|x86
		{DF85EB3D-DC04-4AD7-AA7D-883A6B0202CE}.AppStore|x86.Deploy.0 = Release|x86
		{DF85EB3D-DC04-4AD7-AA7D-883A6B0202CE}.Debug|Any CPU.ActiveCfg = Debug|x86
		{DF85EB3D-DC04-4AD7-AA7D-883A6B0202CE}.Debug|ARM.ActiveCfg = Debug|ARM
		{DF85EB3D-DC04-4AD7-AA7D-883A6B0202CE}.Debug|ARM.Build.0 = Debug|ARM
		{DF85EB3D-DC04-4AD7-AA7D-883A6B0202CE}.Debug|ARM.Deploy.0 = Debug|ARM
		{DF85EB3D-DC04-4AD7-AA7D-883A6B0202CE}.Debug|iPhone.ActiveCfg = Debug|x86
		{DF85EB3D-DC04-4AD7-AA7D-883A6B0202CE}.Debug|iPhoneSimulator.ActiveCfg = Debug|x86
		{DF85EB3D-DC04-4AD7-AA7D-883A6B0202CE}.Debug|x64.ActiveCfg = Debug|x64
		{DF85EB3D-DC04-4AD7-AA7D-883A6B0202CE}.Debug|x64.Build.0 = Debug|x64
		{DF85EB3D-DC04-4AD7-AA7D-883A6B0202CE}.Debug|x64.Deploy.0 = Debug|x64
		{DF85EB3D-DC04-4AD7-AA7D-883A6B0202CE}.Debug|x86.ActiveCfg = Debug|x86
		{DF85EB3D-DC04-4AD7-AA7D-883A6B0202CE}.Debug|x86.Build.0 = Debug|x86
		{DF85EB3D-DC04-4AD7-AA7D-883A6B0202CE}.Debug|x86.Deploy.0 = Debug|x86
		{DF85EB3D-DC04-4AD7-AA7D-883A6B0202CE}.Release|Any CPU.ActiveCfg = Release|x86
		{DF85EB3D-DC04-4AD7-AA7D-883A6B0202CE}.Release|ARM.ActiveCfg = Release|ARM
		{DF85EB3D-DC04-4AD7-AA7D-883A6B0202CE}.Release|ARM.Build.0 = Release|ARM
		{DF85EB3D-DC04-4AD7-AA7D-883A6B0202CE}.Release|ARM.Deploy.0 = Release|ARM
		{DF85EB3D-DC04-4AD7-AA7D-883A6B0202CE}.Release|iPhone.ActiveCfg = Release|x86
		{DF85EB3D-DC04-4AD7-AA7D-883A6B0202CE}.Release|iPhoneSimulator.ActiveCfg = Release|x86
		{DF85EB3D-DC04-4AD7-AA7D-883A6B0202CE}.Release|x64.ActiveCfg = Release|x64
		{DF85EB3D-DC04-4AD7-AA7D-883A6B0202CE}.Release|x64.Build.0 = Release|x64
		{DF85EB3D-DC04-4AD7-AA7D-883A6B0202CE}.Release|x64.Deploy.0 = Release|x64
		{DF85EB3D-DC04-4AD7-AA7D-883A6B0202CE}.Release|x86.ActiveCfg = Release|x86
		{DF85EB3D-DC04-4AD7-AA7D-883A6B0202CE}.Release|x86.Build.0 = Release|x86
		{DF85EB3D-DC04-4AD7-AA7D-883A6B0202CE}.Release|x86.Deploy.0 = Release|x86
		{2012511D-0888-4C65-B1F5-D42C8E2AA5E0}.Ad-Hoc|Any CPU.ActiveCfg = Release|Any CPU
		{2012511D-0888-4C65-B1F5-D42C8E2AA5E0}.Ad-Hoc|Any CPU.Build.0 = Release|Any CPU
		{2012511D-0888-4C65-B1F5-D42C8E2AA5E0}.Ad-Hoc|Any CPU.Deploy.0 = Release|Any CPU
		{2012511D-0888-4C65-B1F5-D42C8E2AA5E0}.Ad-Hoc|ARM.ActiveCfg = Release|ARM
		{2012511D-0888-4C65-B1F5-D42C8E2AA5E0}.Ad-Hoc|ARM.Build.0 = Release|ARM
		{2012511D-0888-4C65-B1F5-D42C8E2AA5E0}.Ad-Hoc|ARM.Deploy.0 = Release|ARM
		{2012511D-0888-4C65-B1F5-D42C8E2AA5E0}.Ad-Hoc|iPhone.ActiveCfg = Release|Any CPU
		{2012511D-0888-4C65-B1F5-D42C8E2AA5E0}.Ad-Hoc|iPhone.Build.0 = Release|Any CPU
		{2012511D-0888-4C65-B1F5-D42C8E2AA5E0}.Ad-Hoc|iPhone.Deploy.0 = Release|Any CPU
		{2012511D-0888-4C65-B1F5-D42C8E2AA5E0}.Ad-Hoc|iPhoneSimulator.ActiveCfg = Release|Any CPU
		{2012511D-0888-4C65-B1F5-D42C8E2AA5E0}.Ad-Hoc|iPhoneSimulator.Build.0 = Release|Any CPU
		{2012511D-0888-4C65-B1F5-D42C8E2AA5E0}.Ad-Hoc|iPhoneSimulator.Deploy.0 = Release|Any CPU
		{2012511D-0888-4C65-B1F5-D42C8E2AA5E0}.Ad-Hoc|x64.ActiveCfg = Release|x64
		{2012511D-0888-4C65-B1F5-D42C8E2AA5E0}.Ad-Hoc|x64.Build.0 = Release|x64
		{2012511D-0888-4C65-B1F5-D42C8E2AA5E0}.Ad-Hoc|x64.Deploy.0 = Release|x64
		{2012511D-0888-4C65-B1F5-D42C8E2AA5E0}.Ad-Hoc|x86.ActiveCfg = Release|x86
		{2012511D-0888-4C65-B1F5-D42C8E2AA5E0}.Ad-Hoc|x86.Build.0 = Release|x86
		{2012511D-0888-4C65-B1F5-D42C8E2AA5E0}.Ad-Hoc|x86.Deploy.0 = Release|x86
		{2012511D-0888-4C65-B1F5-D42C8E2AA5E0}.AppStore|Any CPU.ActiveCfg = Release|Any CPU
		{2012511D-0888-4C65-B1F5-D42C8E2AA5E0}.AppStore|Any CPU.Build.0 = Release|Any CPU
		{2012511D-0888-4C65-B1F5-D42C8E2AA5E0}.AppStore|Any CPU.Deploy.0 = Release|Any CPU
		{2012511D-0888-4C65-B1F5-D42C8E2AA5E0}.AppStore|ARM.ActiveCfg = Release|ARM
		{2012511D-0888-4C65-B1F5-D42C8E2AA5E0}.AppStore|ARM.Build.0 = Release|ARM
		{2012511D-0888-4C65-B1F5-D42C8E2AA5E0}.AppStore|ARM.Deploy.0 = Release|ARM
		{2012511D-0888-4C65-B1F5-D42C8E2AA5E0}.AppStore|iPhone.ActiveCfg = Release|Any CPU
		{2012511D-0888-4C65-B1F5-D42C8E2AA5E0}.AppStore|iPhone.Build.0 = Release|Any CPU
		{2012511D-0888-4C65-B1F5-D42C8E2AA5E0}.AppStore|iPhone.Deploy.0 = Release|Any CPU
		{2012511D-0888-4C65-B1F5-D42C8E2AA5E0}.AppStore|iPhoneSimulator.ActiveCfg = Release|Any CPU
		{2012511D-0888-4C65-B1F5-D42C8E2AA5E0}.AppStore|iPhoneSimulator.Build.0 = Release|Any CPU
		{2012511D-0888-4C65-B1F5-D42C8E2AA5E0}.AppStore|iPhoneSimulator.Deploy.0 = Release|Any CPU
		{2012511D-0888-4C65-B1F5-D42C8E2AA5E0}.AppStore|x64.ActiveCfg = Release|x64
		{2012511D-0888-4C65-B1F5-D42C8E2AA5E0}.AppStore|x64.Build.0 = Release|x64
		{2012511D-0888-4C65-B1F5-D42C8E2AA5E0}.AppStore|x64.Deploy.0 = Release|x64
		{2012511D-0888-4C65-B1F5-D42C8E2AA5E0}.AppStore|x86.ActiveCfg = Release|x86
		{2012511D-0888-4C65-B1F5-D42C8E2AA5E0}.AppStore|x86.Build.0 = Release|x86
		{2012511D-0888-4C65-B1F5-D42C8E2AA5E0}.AppStore|x86.Deploy.0 = Release|x86
		{2012511D-0888-4C65-B1F5-D42C8E2AA5E0}.Debug|Any CPU.ActiveCfg = Debug|Any CPU
		{2012511D-0888-4C65-B1F5-D42C8E2AA5E0}.Debug|Any CPU.Build.0 = Debug|Any CPU
		{2012511D-0888-4C65-B1F5-D42C8E2AA5E0}.Debug|Any CPU.Deploy.0 = Debug|Any CPU
		{2012511D-0888-4C65-B1F5-D42C8E2AA5E0}.Debug|ARM.ActiveCfg = Debug|ARM
		{2012511D-0888-4C65-B1F5-D42C8E2AA5E0}.Debug|ARM.Build.0 = Debug|ARM
		{2012511D-0888-4C65-B1F5-D42C8E2AA5E0}.Debug|ARM.Deploy.0 = Debug|ARM
		{2012511D-0888-4C65-B1F5-D42C8E2AA5E0}.Debug|iPhone.ActiveCfg = Debug|Any CPU
		{2012511D-0888-4C65-B1F5-D42C8E2AA5E0}.Debug|iPhone.Build.0 = Debug|Any CPU
		{2012511D-0888-4C65-B1F5-D42C8E2AA5E0}.Debug|iPhone.Deploy.0 = Debug|Any CPU
		{2012511D-0888-4C65-B1F5-D42C8E2AA5E0}.Debug|iPhoneSimulator.ActiveCfg = Debug|Any CPU
		{2012511D-0888-4C65-B1F5-D42C8E2AA5E0}.Debug|iPhoneSimulator.Build.0 = Debug|Any CPU
		{2012511D-0888-4C65-B1F5-D42C8E2AA5E0}.Debug|iPhoneSimulator.Deploy.0 = Debug|Any CPU
		{2012511D-0888-4C65-B1F5-D42C8E2AA5E0}.Debug|x64.ActiveCfg = Debug|x64
		{2012511D-0888-4C65-B1F5-D42C8E2AA5E0}.Debug|x64.Build.0 = Debug|x64
		{2012511D-0888-4C65-B1F5-D42C8E2AA5E0}.Debug|x64.Deploy.0 = Debug|x64
		{2012511D-0888-4C65-B1F5-D42C8E2AA5E0}.Debug|x86.ActiveCfg = Debug|x86
		{2012511D-0888-4C65-B1F5-D42C8E2AA5E0}.Debug|x86.Build.0 = Debug|x86
		{2012511D-0888-4C65-B1F5-D42C8E2AA5E0}.Debug|x86.Deploy.0 = Debug|x86
		{2012511D-0888-4C65-B1F5-D42C8E2AA5E0}.Release|Any CPU.ActiveCfg = Release|Any CPU
		{2012511D-0888-4C65-B1F5-D42C8E2AA5E0}.Release|Any CPU.Build.0 = Release|Any CPU
		{2012511D-0888-4C65-B1F5-D42C8E2AA5E0}.Release|Any CPU.Deploy.0 = Release|Any CPU
		{2012511D-0888-4C65-B1F5-D42C8E2AA5E0}.Release|ARM.ActiveCfg = Release|ARM
		{2012511D-0888-4C65-B1F5-D42C8E2AA5E0}.Release|ARM.Build.0 = Release|ARM
		{2012511D-0888-4C65-B1F5-D42C8E2AA5E0}.Release|ARM.Deploy.0 = Release|ARM
		{2012511D-0888-4C65-B1F5-D42C8E2AA5E0}.Release|iPhone.ActiveCfg = Release|Any CPU
		{2012511D-0888-4C65-B1F5-D42C8E2AA5E0}.Release|iPhone.Build.0 = Release|Any CPU
		{2012511D-0888-4C65-B1F5-D42C8E2AA5E0}.Release|iPhone.Deploy.0 = Release|Any CPU
		{2012511D-0888-4C65-B1F5-D42C8E2AA5E0}.Release|iPhoneSimulator.ActiveCfg = Release|Any CPU
		{2012511D-0888-4C65-B1F5-D42C8E2AA5E0}.Release|iPhoneSimulator.Build.0 = Release|Any CPU
		{2012511D-0888-4C65-B1F5-D42C8E2AA5E0}.Release|iPhoneSimulator.Deploy.0 = Release|Any CPU
		{2012511D-0888-4C65-B1F5-D42C8E2AA5E0}.Release|x64.ActiveCfg = Release|x64
		{2012511D-0888-4C65-B1F5-D42C8E2AA5E0}.Release|x64.Build.0 = Release|x64
		{2012511D-0888-4C65-B1F5-D42C8E2AA5E0}.Release|x64.Deploy.0 = Release|x64
		{2012511D-0888-4C65-B1F5-D42C8E2AA5E0}.Release|x86.ActiveCfg = Release|x86
		{2012511D-0888-4C65-B1F5-D42C8E2AA5E0}.Release|x86.Build.0 = Release|x86
		{2012511D-0888-4C65-B1F5-D42C8E2AA5E0}.Release|x86.Deploy.0 = Release|x86
		{E556A0BF-BA50-4290-899C-17146C12B58D}.Ad-Hoc|Any CPU.ActiveCfg = Release|Any CPU
		{E556A0BF-BA50-4290-899C-17146C12B58D}.Ad-Hoc|Any CPU.Build.0 = Release|Any CPU
		{E556A0BF-BA50-4290-899C-17146C12B58D}.Ad-Hoc|ARM.ActiveCfg = Release|Any CPU
		{E556A0BF-BA50-4290-899C-17146C12B58D}.Ad-Hoc|ARM.Build.0 = Release|Any CPU
		{E556A0BF-BA50-4290-899C-17146C12B58D}.Ad-Hoc|iPhone.ActiveCfg = Release|Any CPU
		{E556A0BF-BA50-4290-899C-17146C12B58D}.Ad-Hoc|iPhone.Build.0 = Release|Any CPU
		{E556A0BF-BA50-4290-899C-17146C12B58D}.Ad-Hoc|iPhoneSimulator.ActiveCfg = Release|Any CPU
		{E556A0BF-BA50-4290-899C-17146C12B58D}.Ad-Hoc|iPhoneSimulator.Build.0 = Release|Any CPU
		{E556A0BF-BA50-4290-899C-17146C12B58D}.Ad-Hoc|x64.ActiveCfg = Release|Any CPU
		{E556A0BF-BA50-4290-899C-17146C12B58D}.Ad-Hoc|x64.Build.0 = Release|Any CPU
		{E556A0BF-BA50-4290-899C-17146C12B58D}.Ad-Hoc|x86.ActiveCfg = Release|Any CPU
		{E556A0BF-BA50-4290-899C-17146C12B58D}.Ad-Hoc|x86.Build.0 = Release|Any CPU
		{E556A0BF-BA50-4290-899C-17146C12B58D}.AppStore|Any CPU.ActiveCfg = Release|Any CPU
		{E556A0BF-BA50-4290-899C-17146C12B58D}.AppStore|Any CPU.Build.0 = Release|Any CPU
		{E556A0BF-BA50-4290-899C-17146C12B58D}.AppStore|ARM.ActiveCfg = Release|Any CPU
		{E556A0BF-BA50-4290-899C-17146C12B58D}.AppStore|ARM.Build.0 = Release|Any CPU
		{E556A0BF-BA50-4290-899C-17146C12B58D}.AppStore|iPhone.ActiveCfg = Release|Any CPU
		{E556A0BF-BA50-4290-899C-17146C12B58D}.AppStore|iPhone.Build.0 = Release|Any CPU
		{E556A0BF-BA50-4290-899C-17146C12B58D}.AppStore|iPhoneSimulator.ActiveCfg = Release|Any CPU
		{E556A0BF-BA50-4290-899C-17146C12B58D}.AppStore|iPhoneSimulator.Build.0 = Release|Any CPU
		{E556A0BF-BA50-4290-899C-17146C12B58D}.AppStore|x64.ActiveCfg = Release|Any CPU
		{E556A0BF-BA50-4290-899C-17146C12B58D}.AppStore|x64.Build.0 = Release|Any CPU
		{E556A0BF-BA50-4290-899C-17146C12B58D}.AppStore|x86.ActiveCfg = Release|Any CPU
		{E556A0BF-BA50-4290-899C-17146C12B58D}.AppStore|x86.Build.0 = Release|Any CPU
		{E556A0BF-BA50-4290-899C-17146C12B58D}.Debug|Any CPU.ActiveCfg = Debug|Any CPU
		{E556A0BF-BA50-4290-899C-17146C12B58D}.Debug|Any CPU.Build.0 = Debug|Any CPU
		{E556A0BF-BA50-4290-899C-17146C12B58D}.Debug|ARM.ActiveCfg = Debug|Any CPU
		{E556A0BF-BA50-4290-899C-17146C12B58D}.Debug|ARM.Build.0 = Debug|Any CPU
		{E556A0BF-BA50-4290-899C-17146C12B58D}.Debug|iPhone.ActiveCfg = Debug|Any CPU
		{E556A0BF-BA50-4290-899C-17146C12B58D}.Debug|iPhone.Build.0 = Debug|Any CPU
		{E556A0BF-BA50-4290-899C-17146C12B58D}.Debug|iPhoneSimulator.ActiveCfg = Debug|Any CPU
		{E556A0BF-BA50-4290-899C-17146C12B58D}.Debug|iPhoneSimulator.Build.0 = Debug|Any CPU
		{E556A0BF-BA50-4290-899C-17146C12B58D}.Debug|x64.ActiveCfg = Debug|Any CPU
		{E556A0BF-BA50-4290-899C-17146C12B58D}.Debug|x64.Build.0 = Debug|Any CPU
		{E556A0BF-BA50-4290-899C-17146C12B58D}.Debug|x86.ActiveCfg = Debug|Any CPU
		{E556A0BF-BA50-4290-899C-17146C12B58D}.Debug|x86.Build.0 = Debug|Any CPU
		{E556A0BF-BA50-4290-899C-17146C12B58D}.Release|Any CPU.ActiveCfg = Release|Any CPU
		{E556A0BF-BA50-4290-899C-17146C12B58D}.Release|Any CPU.Build.0 = Release|Any CPU
		{E556A0BF-BA50-4290-899C-17146C12B58D}.Release|ARM.ActiveCfg = Release|Any CPU
		{E556A0BF-BA50-4290-899C-17146C12B58D}.Release|ARM.Build.0 = Release|Any CPU
		{E556A0BF-BA50-4290-899C-17146C12B58D}.Release|iPhone.ActiveCfg = Release|Any CPU
		{E556A0BF-BA50-4290-899C-17146C12B58D}.Release|iPhone.Build.0 = Release|Any CPU
		{E556A0BF-BA50-4290-899C-17146C12B58D}.Release|iPhoneSimulator.ActiveCfg = Release|Any CPU
		{E556A0BF-BA50-4290-899C-17146C12B58D}.Release|iPhoneSimulator.Build.0 = Release|Any CPU
		{E556A0BF-BA50-4290-899C-17146C12B58D}.Release|x64.ActiveCfg = Release|Any CPU
		{E556A0BF-BA50-4290-899C-17146C12B58D}.Release|x64.Build.0 = Release|Any CPU
		{E556A0BF-BA50-4290-899C-17146C12B58D}.Release|x86.ActiveCfg = Release|Any CPU
		{E556A0BF-BA50-4290-899C-17146C12B58D}.Release|x86.Build.0 = Release|Any CPU
	EndGlobalSection
	GlobalSection(SolutionProperties) = preSolution
		HideSolutionNode = FALSE
	EndGlobalSection
EndGlobal
